
Microsoft Visual Studio Solution File, Format Version 12.00
# Visual Studio 15
VisualStudioVersion = 15.0.27428.2043
MinimumVisualStudioVersion = 10.0.40219.1
Project("{FAE04EC0-301F-11D3-BF4B-00C04F79EFBC}") = "day_9", "day_9\day_9.csproj", "{CA8BE665-7121-4F7B-913C-478BDAC75A5D}"
EndProject
Global
	GlobalSection(SolutionConfigurationPlatforms) = preSolution
		Debug|Any CPU = Debug|Any CPU
		Release|Any CPU = Release|Any CPU
	EndGlobalSection
	GlobalSection(ProjectConfigurationPlatforms) = postSolution
		{CA8BE665-7121-4F7B-913C-478BDAC75A5D}.Debug|Any CPU.ActiveCfg = Debug|Any CPU
		{CA8BE665-7121-4F7B-913C-478BDAC75A5D}.Debug|Any CPU.Build.0 = Debug|Any CPU
		{CA8BE665-7121-4F7B-913C-478BDAC75A5D}.Release|Any CPU.ActiveCfg = Release|Any CPU
		{CA8BE665-7121-4F7B-913C-478BDAC75A5D}.Release|Any CPU.Build.0 = Release|Any CPU
	EndGlobalSection
	GlobalSection(SolutionProperties) = preSolution
		HideSolutionNode = FALSE
	EndGlobalSection
	GlobalSection(ExtensibilityGlobals) = postSolution
		SolutionGuid = {08AA5B7B-4543-48F9-8051-164EC3CC9B4F}
	EndGlobalSection
EndGlobal
